
Microsoft Visual Studio Solution File, Format Version 12.00
# Visual Studio Version 17
VisualStudioVersion = 17.10.35013.160
MinimumVisualStudioVersion = 10.0.40219.1
Project("{FAE04EC0-301F-11D3-BF4B-00C04F79EFBC}") = "ConsoleApp40", "ConsoleApp40\ConsoleApp40.csproj", "{F4FA686A-26A3-411B-9262-EDCB8F24AC61}"
EndProject
Global
	GlobalSection(SolutionConfigurationPlatforms) = preSolution
		Debug|Any CPU = Debug|Any CPU
		Release|Any CPU = Release|Any CPU
	EndGlobalSection
	GlobalSection(ProjectConfigurationPlatforms) = postSolution
		{F4FA686A-26A3-411B-9262-EDCB8F24AC61}.Debug|Any CPU.ActiveCfg = Debug|Any CPU
		{F4FA686A-26A3-411B-9262-EDCB8F24AC61}.Debug|Any CPU.Build.0 = Debug|Any CPU
		{F4FA686A-26A3-411B-9262-EDCB8F24AC61}.Release|Any CPU.ActiveCfg = Release|Any CPU
		{F4FA686A-26A3-411B-9262-EDCB8F24AC61}.Release|Any CPU.Build.0 = Release|Any CPU
	EndGlobalSection
	GlobalSection(SolutionProperties) = preSolution
		HideSolutionNode = FALSE
	EndGlobalSection
	GlobalSection(ExtensibilityGlobals) = postSolution
		SolutionGuid = {E0CA6272-13CC-4006-9567-D5C560CC0C7E}
	EndGlobalSection
EndGlobal
